{
  "name": "server-pyoduide",
  "version": "1.0.0",
  "lockfileVersion": 2,
  "requires": true,
  "packages": {
    "": {
      "name": "server-pyoduide",
      "version": "1.0.0",
      "license": "ISC",
      "dependencies": {
        "@pyodide/pyodide": "^0.17.1",
        "pyodide": "^0.26.1"
      }
    },
    "node_modules/@pyodide/pyodide": {
      "version": "0.17.1",
      "resolved": "https://registry.npmjs.org/@pyodide/pyodide/-/pyodide-0.17.1.tgz",
      "integrity": "sha512-VCeLGQ9NpydiVNUiTWexZEfErQqqo0I8050p5uTxHRlmI4jA1cXt0WOR3pq5WjOCtApkCCT4qV1per1nMOYoFw=="
    },
    "node_modules/pyodide": {
      "version": "0.26.1",
      "resolved": "https://registry.npmjs.org/pyodide/-/pyodide-0.26.1.tgz",
      "integrity": "sha512-P+Gm88nwZqY7uBgjbQH8CqqU6Ei/rDn7pS1t02sNZsbyLJMyE2OVXjgNuqVT3KqYWnyGREUN0DbBUCJqk8R0ew==",
      "dependencies": {
        "ws": "^8.5.0"
      },
      "engines": {
        "node": ">=18.0.0"
      }
    },
    "node_modules/ws": {
      "version": "8.17.1",
      "resolved": "https://registry.npmjs.org/ws/-/ws-8.17.1.tgz",
      "integrity": "sha512-6XQFvXTkbfUOZOKKILFG1PDK2NDQs4azKQl26T0YS5CxqWLgXajbPZ+h4gZekJyRqFU8pvnbAbbs/3TgRPy+GQ==",
      "engines": {
        "node": ">=10.0.0"
      },
      "peerDependencies": {
        "bufferutil": "^4.0.1",
        "utf-8-validate": ">=5.0.2"
      },
      "peerDependenciesMeta": {
        "bufferutil": {
          "optional": true
        },
        "utf-8-validate": {
          "optional": true
        }
      }
    }
  },
  "dependencies": {
    "@pyodide/pyodide": {
      "version": "0.17.1",
      "resolved": "https://registry.npmjs.org/@pyodide/pyodide/-/pyodide-0.17.1.tgz",
      "integrity": "sha512-VCeLGQ9NpydiVNUiTWexZEfErQqqo0I8050p5uTxHRlmI4jA1cXt0WOR3pq5WjOCtApkCCT4qV1per1nMOYoFw=="
    },
    "pyodide": {
      "version": "0.26.1",
      "resolved": "https://registry.npmjs.org/pyodide/-/pyodide-0.26.1.tgz",
      "integrity": "sha512-P+Gm88nwZqY7uBgjbQH8CqqU6Ei/rDn7pS1t02sNZsbyLJMyE2OVXjgNuqVT3KqYWnyGREUN0DbBUCJqk8R0ew==",
      "requires": {
        "ws": "^8.5.0"
      }
    },
    "ws": {
      "version": "8.17.1",
      "resolved": "https://registry.npmjs.org/ws/-/ws-8.17.1.tgz",
      "integrity": "sha512-6XQFvXTkbfUOZOKKILFG1PDK2NDQs4azKQl26T0YS5CxqWLgXajbPZ+h4gZekJyRqFU8pvnbAbbs/3TgRPy+GQ==",
      "requires": {}
    }
  }
}
